
Microsoft Visual Studio Solution File, Format Version 12.00
# Visual Studio 15
VisualStudioVersion = 15.0.28307.757
MinimumVisualStudioVersion = 10.0.40219.1
Project("{FAE04EC0-301F-11D3-BF4B-00C04F79EFBC}") = "Leap.BookStore.WebAPI", "Leap.BookStore.WebAPI\Leap.BookStore.WebAPI.csproj", "{EA4E60AE-C3CC-40B9-B63C-A4E6E48F52AF}"
EndProject
Project("{FAE04EC0-301F-11D3-BF4B-00C04F79EFBC}") = "Leap.BookStore.DAL", "Leap.BookStore.DAL\Leap.BookStore.DAL.csproj", "{E9908B21-3C5F-4E70-8BCC-C78D7D0283B1}"
EndProject
Project("{FAE04EC0-301F-11D3-BF4B-00C04F79EFBC}") = "Leap.BookStore.dto", "Leap.BookStore.dto\Leap.BookStore.dto.csproj", "{35BA49B6-2B80-44EE-8947-BD41A4A2AF15}"
EndProject
Project("{FAE04EC0-301F-11D3-BF4B-00C04F79EFBC}") = "Leap.BookStore.Service", "Leap.BookStore.Service\Leap.BookStore.Service.csproj", "{8E1BF51A-AC61-4EF6-B92F-EB0B22DDEB85}"
EndProject
Global
	GlobalSection(SolutionConfigurationPlatforms) = preSolution
		Debug|Any CPU = Debug|Any CPU
		Release|Any CPU = Release|Any CPU
	EndGlobalSection
	GlobalSection(ProjectConfigurationPlatforms) = postSolution
		{EA4E60AE-C3CC-40B9-B63C-A4E6E48F52AF}.Debug|Any CPU.ActiveCfg = Debug|Any CPU
		{EA4E60AE-C3CC-40B9-B63C-A4E6E48F52AF}.Debug|Any CPU.Build.0 = Debug|Any CPU
		{EA4E60AE-C3CC-40B9-B63C-A4E6E48F52AF}.Release|Any CPU.ActiveCfg = Release|Any CPU
		{EA4E60AE-C3CC-40B9-B63C-A4E6E48F52AF}.Release|Any CPU.Build.0 = Release|Any CPU
		{E9908B21-3C5F-4E70-8BCC-C78D7D0283B1}.Debug|Any CPU.ActiveCfg = Debug|Any CPU
		{E9908B21-3C5F-4E70-8BCC-C78D7D0283B1}.Debug|Any CPU.Build.0 = Debug|Any CPU
		{E9908B21-3C5F-4E70-8BCC-C78D7D0283B1}.Release|Any CPU.ActiveCfg = Release|Any CPU
		{E9908B21-3C5F-4E70-8BCC-C78D7D0283B1}.Release|Any CPU.Build.0 = Release|Any CPU
		{35BA49B6-2B80-44EE-8947-BD41A4A2AF15}.Debug|Any CPU.ActiveCfg = Debug|Any CPU
		{35BA49B6-2B80-44EE-8947-BD41A4A2AF15}.Debug|Any CPU.Build.0 = Debug|Any CPU
		{35BA49B6-2B80-44EE-8947-BD41A4A2AF15}.Release|Any CPU.ActiveCfg = Release|Any CPU
		{35BA49B6-2B80-44EE-8947-BD41A4A2AF15}.Release|Any CPU.Build.0 = Release|Any CPU
		{8E1BF51A-AC61-4EF6-B92F-EB0B22DDEB85}.Debug|Any CPU.ActiveCfg = Debug|Any CPU
		{8E1BF51A-AC61-4EF6-B92F-EB0B22DDEB85}.Debug|Any CPU.Build.0 = Debug|Any CPU
		{8E1BF51A-AC61-4EF6-B92F-EB0B22DDEB85}.Release|Any CPU.ActiveCfg = Release|Any CPU
		{8E1BF51A-AC61-4EF6-B92F-EB0B22DDEB85}.Release|Any CPU.Build.0 = Release|Any CPU
	EndGlobalSection
	GlobalSection(SolutionProperties) = preSolution
		HideSolutionNode = FALSE
	EndGlobalSection
	GlobalSection(ExtensibilityGlobals) = postSolution
		SolutionGuid = {6EEF806B-587D-45F1-989C-16D9091B6D35}
	EndGlobalSection
EndGlobal
